
Microsoft Visual Studio Solution File, Format Version 12.00
# Visual Studio Version 17
VisualStudioVersion = 17.7.34031.279
MinimumVisualStudioVersion = 10.0.40219.1
Project("{FAE04EC0-301F-11D3-BF4B-00C04F79EFBC}") = "AuthenticationWithJWT", "AuthenticationWithJWT\AuthenticationWithJWT.csproj", "{556814C8-6BF6-4206-A9BF-C2D2E8B687C8}"
EndProject
Global
	GlobalSection(SolutionConfigurationPlatforms) = preSolution
		Debug|Any CPU = Debug|Any CPU
		Release|Any CPU = Release|Any CPU
	EndGlobalSection
	GlobalSection(ProjectConfigurationPlatforms) = postSolution
		{556814C8-6BF6-4206-A9BF-C2D2E8B687C8}.Debug|Any CPU.ActiveCfg = Debug|Any CPU
		{556814C8-6BF6-4206-A9BF-C2D2E8B687C8}.Debug|Any CPU.Build.0 = Debug|Any CPU
		{556814C8-6BF6-4206-A9BF-C2D2E8B687C8}.Release|Any CPU.ActiveCfg = Release|Any CPU
		{556814C8-6BF6-4206-A9BF-C2D2E8B687C8}.Release|Any CPU.Build.0 = Release|Any CPU
	EndGlobalSection
	GlobalSection(SolutionProperties) = preSolution
		HideSolutionNode = FALSE
	EndGlobalSection
	GlobalSection(ExtensibilityGlobals) = postSolution
		SolutionGuid = {953680E3-10F5-4E94-A478-36029F9D575F}
	EndGlobalSection
EndGlobal
